
Microsoft Visual Studio Solution File, Format Version 11.00
# Visual C# Express 2010
Project("{FAE04EC0-301F-11D3-BF4B-00C04F79EFBC}") = "07-Passing-cars", "07-Passing-cars\07-Passing-cars.csproj", "{937B3DA5-02E6-4B5F-8368-1F92979A3DD1}"
EndProject
Global
	GlobalSection(SolutionConfigurationPlatforms) = preSolution
		Debug|x86 = Debug|x86
		Release|x86 = Release|x86
	EndGlobalSection
	GlobalSection(ProjectConfigurationPlatforms) = postSolution
		{937B3DA5-02E6-4B5F-8368-1F92979A3DD1}.Debug|x86.ActiveCfg = Debug|x86
		{937B3DA5-02E6-4B5F-8368-1F92979A3DD1}.Debug|x86.Build.0 = Debug|x86
		{937B3DA5-02E6-4B5F-8368-1F92979A3DD1}.Release|x86.ActiveCfg = Release|x86
		{937B3DA5-02E6-4B5F-8368-1F92979A3DD1}.Release|x86.Build.0 = Release|x86
	EndGlobalSection
	GlobalSection(SolutionProperties) = preSolution
		HideSolutionNode = FALSE
	EndGlobalSection
EndGlobal
